
Microsoft Visual Studio Solution File, Format Version 12.00
# Visual Studio Version 17
VisualStudioVersion = 17.9.34723.18
MinimumVisualStudioVersion = 10.0.40219.1
Project("{9A19103F-16F7-4668-BE54-9A1E7A4F7556}") = "pokedata", "pokedata.csproj", "{D914DBB7-FF6C-4CB0-9FFD-6A5EA303B28C}"
EndProject
Project("{FAE04EC0-301F-11D3-BF4B-00C04F79EFBC}") = "pokedataTests", "..\pokedataTests\pokedataTests.csproj", "{A6784D89-1C9D-4D5A-B3AA-4084365348CB}"
EndProject
Global
	GlobalSection(SolutionConfigurationPlatforms) = preSolution
		Debug|Any CPU = Debug|Any CPU
		Release|Any CPU = Release|Any CPU
	EndGlobalSection
	GlobalSection(ProjectConfigurationPlatforms) = postSolution
		{D914DBB7-FF6C-4CB0-9FFD-6A5EA303B28C}.Debug|Any CPU.ActiveCfg = Debug|Any CPU
		{D914DBB7-FF6C-4CB0-9FFD-6A5EA303B28C}.Debug|Any CPU.Build.0 = Debug|Any CPU
		{D914DBB7-FF6C-4CB0-9FFD-6A5EA303B28C}.Release|Any CPU.ActiveCfg = Release|Any CPU
		{D914DBB7-FF6C-4CB0-9FFD-6A5EA303B28C}.Release|Any CPU.Build.0 = Release|Any CPU
		{A6784D89-1C9D-4D5A-B3AA-4084365348CB}.Debug|Any CPU.ActiveCfg = Debug|Any CPU
		{A6784D89-1C9D-4D5A-B3AA-4084365348CB}.Debug|Any CPU.Build.0 = Debug|Any CPU
		{A6784D89-1C9D-4D5A-B3AA-4084365348CB}.Release|Any CPU.ActiveCfg = Release|Any CPU
		{A6784D89-1C9D-4D5A-B3AA-4084365348CB}.Release|Any CPU.Build.0 = Release|Any CPU
	EndGlobalSection
	GlobalSection(SolutionProperties) = preSolution
		HideSolutionNode = FALSE
	EndGlobalSection
	GlobalSection(ExtensibilityGlobals) = postSolution
		SolutionGuid = {8472D805-3782-4F71-AF69-AEE77DD71A74}
	EndGlobalSection
EndGlobal
